{
  "name": "Team-3",
  "lockfileVersion": 3,
  "requires": true,
  "packages": {
    "": {
      "dependencies": {
        "@chatscope/chat-ui-kit-styles": "^1.4.0"
      }
    },
    "node_modules/@chatscope/chat-ui-kit-styles": {
      "version": "1.4.0",
      "resolved": "https://registry.npmjs.org/@chatscope/chat-ui-kit-styles/-/chat-ui-kit-styles-1.4.0.tgz",
      "integrity": "sha512-016mBJD3DESw7Nh+lkKcPd22xG92ghA0VpIXIbjQtmXhC7Ve6wRazTy8z1Ahut+Tbv179+JxrftuMngsj/yV8Q=="
    }
  }
}
